
Microsoft Visual Studio Solution File, Format Version 12.00
# Visual Studio Version 17
VisualStudioVersion = 17.0.31903.59
MinimumVisualStudioVersion = 10.0.40219.1
Project("{FAE04EC0-301F-11D3-BF4B-00C04F79EFBC}") = "Swytch", "Swytch\Swytch.csproj", "{ECF20285-D5B0-470F-B4C7-8E85AE0999B6}"
EndProject
Project("{FAE04EC0-301F-11D3-BF4B-00C04F79EFBC}") = "tests", "tests\tests.csproj", "{A9F86889-834B-4E54-9700-0C52048C2320}"
EndProject
Project("{2150E333-8FDC-42A3-9474-1A3956D46DE8}") = "Examples", "Examples", "{AEB878EC-62BA-490C-B509-6A9F08CFCDEF}"
EndProject
Project("{FAE04EC0-301F-11D3-BF4B-00C04F79EFBC}") = "BasicSwytchServer", "Examples\BasicSwytchServer\BasicSwytchServer.csproj", "{AB0FFBBF-2149-4FF5-A720-1A02A5AA3AE1}"
EndProject
Project("{FAE04EC0-301F-11D3-BF4B-00C04F79EFBC}") = "JsonApi", "Examples\JsonApi\JsonApi.csproj", "{6E46E11B-8288-43DA-8E27-6059D241C1BD}"
EndProject
Project("{FAE04EC0-301F-11D3-BF4B-00C04F79EFBC}") = "StaticFileServer", "Examples\StaticFileServer\StaticFileServer.csproj", "{DE38DA1F-C357-4969-8E36-D476C51277A3}"
EndProject
Global
	GlobalSection(SolutionConfigurationPlatforms) = preSolution
		Debug|Any CPU = Debug|Any CPU
		Release|Any CPU = Release|Any CPU
	EndGlobalSection
	GlobalSection(SolutionProperties) = preSolution
		HideSolutionNode = FALSE
	EndGlobalSection
	GlobalSection(ProjectConfigurationPlatforms) = postSolution
		{ECF20285-D5B0-470F-B4C7-8E85AE0999B6}.Debug|Any CPU.ActiveCfg = Debug|Any CPU
		{ECF20285-D5B0-470F-B4C7-8E85AE0999B6}.Debug|Any CPU.Build.0 = Debug|Any CPU
		{ECF20285-D5B0-470F-B4C7-8E85AE0999B6}.Release|Any CPU.ActiveCfg = Release|Any CPU
		{ECF20285-D5B0-470F-B4C7-8E85AE0999B6}.Release|Any CPU.Build.0 = Release|Any CPU
		{A9F86889-834B-4E54-9700-0C52048C2320}.Debug|Any CPU.ActiveCfg = Debug|Any CPU
		{A9F86889-834B-4E54-9700-0C52048C2320}.Debug|Any CPU.Build.0 = Debug|Any CPU
		{A9F86889-834B-4E54-9700-0C52048C2320}.Release|Any CPU.ActiveCfg = Release|Any CPU
		{A9F86889-834B-4E54-9700-0C52048C2320}.Release|Any CPU.Build.0 = Release|Any CPU
		{AB0FFBBF-2149-4FF5-A720-1A02A5AA3AE1}.Debug|Any CPU.ActiveCfg = Debug|Any CPU
		{AB0FFBBF-2149-4FF5-A720-1A02A5AA3AE1}.Debug|Any CPU.Build.0 = Debug|Any CPU
		{AB0FFBBF-2149-4FF5-A720-1A02A5AA3AE1}.Release|Any CPU.ActiveCfg = Release|Any CPU
		{AB0FFBBF-2149-4FF5-A720-1A02A5AA3AE1}.Release|Any CPU.Build.0 = Release|Any CPU
		{6E46E11B-8288-43DA-8E27-6059D241C1BD}.Debug|Any CPU.ActiveCfg = Debug|Any CPU
		{6E46E11B-8288-43DA-8E27-6059D241C1BD}.Debug|Any CPU.Build.0 = Debug|Any CPU
		{6E46E11B-8288-43DA-8E27-6059D241C1BD}.Release|Any CPU.ActiveCfg = Release|Any CPU
		{6E46E11B-8288-43DA-8E27-6059D241C1BD}.Release|Any CPU.Build.0 = Release|Any CPU
		{DE38DA1F-C357-4969-8E36-D476C51277A3}.Debug|Any CPU.ActiveCfg = Debug|Any CPU
		{DE38DA1F-C357-4969-8E36-D476C51277A3}.Debug|Any CPU.Build.0 = Debug|Any CPU
		{DE38DA1F-C357-4969-8E36-D476C51277A3}.Release|Any CPU.ActiveCfg = Release|Any CPU
		{DE38DA1F-C357-4969-8E36-D476C51277A3}.Release|Any CPU.Build.0 = Release|Any CPU
	EndGlobalSection
	GlobalSection(NestedProjects) = preSolution
		{AB0FFBBF-2149-4FF5-A720-1A02A5AA3AE1} = {AEB878EC-62BA-490C-B509-6A9F08CFCDEF}
		{6E46E11B-8288-43DA-8E27-6059D241C1BD} = {AEB878EC-62BA-490C-B509-6A9F08CFCDEF}
		{DE38DA1F-C357-4969-8E36-D476C51277A3} = {AEB878EC-62BA-490C-B509-6A9F08CFCDEF}
	EndGlobalSection
EndGlobal
